
Microsoft Visual Studio Solution File, Format Version 12.00
# Visual Studio Version 17
VisualStudioVersion = 17.4.33205.214
MinimumVisualStudioVersion = 10.0.40219.1
Project("{8BC9CEB8-8B4A-11D0-8D11-00A0C91BC942}") = "TCPIPClientProject", "TCPIPClientProject\TCPIPClientProject.vcxproj", "{4EC9F187-BE79-4DC0-9762-8BF169B9ACB3}"
EndProject
Project("{8BC9CEB8-8B4A-11D0-8D11-00A0C91BC942}") = "TCPIPServerProject", "TCPIPServerProject\TCPIPServerProject.vcxproj", "{D6805F9E-FF2D-45F8-BCDF-A58F2E2FAA0F}"
EndProject
Project("{8BC9CEB8-8B4A-11D0-8D11-00A0C91BC942}") = "TCPEchoServer", "TCPEchoServer\TCPEchoServer.vcxproj", "{585BD2DE-48E0-4E22-A3E4-150DB71B4B2D}"
EndProject
Project("{8BC9CEB8-8B4A-11D0-8D11-00A0C91BC942}") = "TCPEchoClient", "TCPEchoClient\TCPEchoClient.vcxproj", "{E440C047-1FFD-4C92-868B-F691A3F9B727}"
EndProject
Project("{8BC9CEB8-8B4A-11D0-8D11-00A0C91BC942}") = "Thread1_Test", "Thread1_Test\Thread1_Test.vcxproj", "{79B2654F-58A4-495E-8B22-F815AC6FF285}"
EndProject
Project("{8BC9CEB8-8B4A-11D0-8D11-00A0C91BC942}") = "MultiThread_Server", "MultiThread_Server\MultiThread_Server.vcxproj", "{E4BE07CC-62E4-4D40-90E2-5FC0961E21DC}"
EndProject
Project("{8BC9CEB8-8B4A-11D0-8D11-00A0C91BC942}") = "MultiThread_Client", "MultiThread_Client\MultiThread_Client.vcxproj", "{6D3F670B-C86F-4334-A0BD-17DE8DD66119}"
EndProject
Project("{8BC9CEB8-8B4A-11D0-8D11-00A0C91BC942}") = "AsychronousIO_Client", "AsychronousIO_Client\AsychronousIO_Client.vcxproj", "{3B05D7D4-F87B-4890-95F8-5D9C1714FF50}"
EndProject
Project("{8BC9CEB8-8B4A-11D0-8D11-00A0C91BC942}") = "AsychronousIO_Server", "AsychronousIO_Server\AsychronousIO_Server.vcxproj", "{5063CFBF-9CB6-46EF-AA7B-F3B78E356C96}"
EndProject
Project("{8BC9CEB8-8B4A-11D0-8D11-00A0C91BC942}") = "OverlappedIO_Server", "OverlappedIO_Server\OverlappedIO_Server.vcxproj", "{D0610E7D-2A0D-48A9-993F-FB99E2E474EA}"
EndProject
Project("{8BC9CEB8-8B4A-11D0-8D11-00A0C91BC942}") = "OverlappedIO_Stable_Client", "OverlappedIO_Stable_Client\OverlappedIO_Stable_Client.vcxproj", "{15B2D72E-1A5C-44C0-80EA-F614C1F4A926}"
EndProject
Project("{8BC9CEB8-8B4A-11D0-8D11-00A0C91BC942}") = "OverlappedIO_Stable_Server", "OverlappedIO_Stable_Server\OverlappedIO_Stable_Server.vcxproj", "{B0A4A7D7-8D18-43E5-B4CF-7227C587703B}"
EndProject
Project("{8BC9CEB8-8B4A-11D0-8D11-00A0C91BC942}") = "IOCPEchoServer", "IOCPEchoServer\IOCPEchoServer.vcxproj", "{51BE83B9-AD47-4E6F-A85C-EFD2AA286545}"
EndProject
Global
	GlobalSection(SolutionConfigurationPlatforms) = preSolution
		Debug|x64 = Debug|x64
		Debug|x86 = Debug|x86
		Release|x64 = Release|x64
		Release|x86 = Release|x86
	EndGlobalSection
	GlobalSection(ProjectConfigurationPlatforms) = postSolution
		{4EC9F187-BE79-4DC0-9762-8BF169B9ACB3}.Debug|x64.ActiveCfg = Debug|x64
		{4EC9F187-BE79-4DC0-9762-8BF169B9ACB3}.Debug|x64.Build.0 = Debug|x64
		{4EC9F187-BE79-4DC0-9762-8BF169B9ACB3}.Debug|x86.ActiveCfg = Debug|Win32
		{4EC9F187-BE79-4DC0-9762-8BF169B9ACB3}.Debug|x86.Build.0 = Debug|Win32
		{4EC9F187-BE79-4DC0-9762-8BF169B9ACB3}.Release|x64.ActiveCfg = Release|x64
		{4EC9F187-BE79-4DC0-9762-8BF169B9ACB3}.Release|x64.Build.0 = Release|x64
		{4EC9F187-BE79-4DC0-9762-8BF169B9ACB3}.Release|x86.ActiveCfg = Release|Win32
		{4EC9F187-BE79-4DC0-9762-8BF169B9ACB3}.Release|x86.Build.0 = Release|Win32
		{D6805F9E-FF2D-45F8-BCDF-A58F2E2FAA0F}.Debug|x64.ActiveCfg = Debug|x64
		{D6805F9E-FF2D-45F8-BCDF-A58F2E2FAA0F}.Debug|x64.Build.0 = Debug|x64
		{D6805F9E-FF2D-45F8-BCDF-A58F2E2FAA0F}.Debug|x86.ActiveCfg = Debug|Win32
		{D6805F9E-FF2D-45F8-BCDF-A58F2E2FAA0F}.Debug|x86.Build.0 = Debug|Win32
		{D6805F9E-FF2D-45F8-BCDF-A58F2E2FAA0F}.Release|x64.ActiveCfg = Release|x64
		{D6805F9E-FF2D-45F8-BCDF-A58F2E2FAA0F}.Release|x64.Build.0 = Release|x64
		{D6805F9E-FF2D-45F8-BCDF-A58F2E2FAA0F}.Release|x86.ActiveCfg = Release|Win32
		{D6805F9E-FF2D-45F8-BCDF-A58F2E2FAA0F}.Release|x86.Build.0 = Release|Win32
		{585BD2DE-48E0-4E22-A3E4-150DB71B4B2D}.Debug|x64.ActiveCfg = Debug|x64
		{585BD2DE-48E0-4E22-A3E4-150DB71B4B2D}.Debug|x64.Build.0 = Debug|x64
		{585BD2DE-48E0-4E22-A3E4-150DB71B4B2D}.Debug|x86.ActiveCfg = Debug|Win32
		{585BD2DE-48E0-4E22-A3E4-150DB71B4B2D}.Debug|x86.Build.0 = Debug|Win32
		{585BD2DE-48E0-4E22-A3E4-150DB71B4B2D}.Release|x64.ActiveCfg = Release|x64
		{585BD2DE-48E0-4E22-A3E4-150DB71B4B2D}.Release|x64.Build.0 = Release|x64
		{585BD2DE-48E0-4E22-A3E4-150DB71B4B2D}.Release|x86.ActiveCfg = Release|Win32
		{585BD2DE-48E0-4E22-A3E4-150DB71B4B2D}.Release|x86.Build.0 = Release|Win32
		{E440C047-1FFD-4C92-868B-F691A3F9B727}.Debug|x64.ActiveCfg = Debug|x64
		{E440C047-1FFD-4C92-868B-F691A3F9B727}.Debug|x64.Build.0 = Debug|x64
		{E440C047-1FFD-4C92-868B-F691A3F9B727}.Debug|x86.ActiveCfg = Debug|Win32
		{E440C047-1FFD-4C92-868B-F691A3F9B727}.Debug|x86.Build.0 = Debug|Win32
		{E440C047-1FFD-4C92-868B-F691A3F9B727}.Release|x64.ActiveCfg = Release|x64
		{E440C047-1FFD-4C92-868B-F691A3F9B727}.Release|x64.Build.0 = Release|x64
		{E440C047-1FFD-4C92-868B-F691A3F9B727}.Release|x86.ActiveCfg = Release|Win32
		{E440C047-1FFD-4C92-868B-F691A3F9B727}.Release|x86.Build.0 = Release|Win32
		{79B2654F-58A4-495E-8B22-F815AC6FF285}.Debug|x64.ActiveCfg = Debug|x64
		{79B2654F-58A4-495E-8B22-F815AC6FF285}.Debug|x64.Build.0 = Debug|x64
		{79B2654F-58A4-495E-8B22-F815AC6FF285}.Debug|x86.ActiveCfg = Debug|Win32
		{79B2654F-58A4-495E-8B22-F815AC6FF285}.Debug|x86.Build.0 = Debug|Win32
		{79B2654F-58A4-495E-8B22-F815AC6FF285}.Release|x64.ActiveCfg = Release|x64
		{79B2654F-58A4-495E-8B22-F815AC6FF285}.Release|x64.Build.0 = Release|x64
		{79B2654F-58A4-495E-8B22-F815AC6FF285}.Release|x86.ActiveCfg = Release|Win32
		{79B2654F-58A4-495E-8B22-F815AC6FF285}.Release|x86.Build.0 = Release|Win32
		{E4BE07CC-62E4-4D40-90E2-5FC0961E21DC}.Debug|x64.ActiveCfg = Debug|x64
		{E4BE07CC-62E4-4D40-90E2-5FC0961E21DC}.Debug|x64.Build.0 = Debug|x64
		{E4BE07CC-62E4-4D40-90E2-5FC0961E21DC}.Debug|x86.ActiveCfg = Debug|Win32
		{E4BE07CC-62E4-4D40-90E2-5FC0961E21DC}.Debug|x86.Build.0 = Debug|Win32
		{E4BE07CC-62E4-4D40-90E2-5FC0961E21DC}.Release|x64.ActiveCfg = Release|x64
		{E4BE07CC-62E4-4D40-90E2-5FC0961E21DC}.Release|x64.Build.0 = Release|x64
		{E4BE07CC-62E4-4D40-90E2-5FC0961E21DC}.Release|x86.ActiveCfg = Release|Win32
		{E4BE07CC-62E4-4D40-90E2-5FC0961E21DC}.Release|x86.Build.0 = Release|Win32
		{6D3F670B-C86F-4334-A0BD-17DE8DD66119}.Debug|x64.ActiveCfg = Debug|x64
		{6D3F670B-C86F-4334-A0BD-17DE8DD66119}.Debug|x64.Build.0 = Debug|x64
		{6D3F670B-C86F-4334-A0BD-17DE8DD66119}.Debug|x86.ActiveCfg = Debug|Win32
		{6D3F670B-C86F-4334-A0BD-17DE8DD66119}.Debug|x86.Build.0 = Debug|Win32
		{6D3F670B-C86F-4334-A0BD-17DE8DD66119}.Release|x64.ActiveCfg = Release|x64
		{6D3F670B-C86F-4334-A0BD-17DE8DD66119}.Release|x64.Build.0 = Release|x64
		{6D3F670B-C86F-4334-A0BD-17DE8DD66119}.Release|x86.ActiveCfg = Release|Win32
		{6D3F670B-C86F-4334-A0BD-17DE8DD66119}.Release|x86.Build.0 = Release|Win32
		{3B05D7D4-F87B-4890-95F8-5D9C1714FF50}.Debug|x64.ActiveCfg = Debug|x64
		{3B05D7D4-F87B-4890-95F8-5D9C1714FF50}.Debug|x64.Build.0 = Debug|x64
		{3B05D7D4-F87B-4890-95F8-5D9C1714FF50}.Debug|x86.ActiveCfg = Debug|Win32
		{3B05D7D4-F87B-4890-95F8-5D9C1714FF50}.Debug|x86.Build.0 = Debug|Win32
		{3B05D7D4-F87B-4890-95F8-5D9C1714FF50}.Release|x64.ActiveCfg = Release|x64
		{3B05D7D4-F87B-4890-95F8-5D9C1714FF50}.Release|x64.Build.0 = Release|x64
		{3B05D7D4-F87B-4890-95F8-5D9C1714FF50}.Release|x86.ActiveCfg = Release|Win32
		{3B05D7D4-F87B-4890-95F8-5D9C1714FF50}.Release|x86.Build.0 = Release|Win32
		{5063CFBF-9CB6-46EF-AA7B-F3B78E356C96}.Debug|x64.ActiveCfg = Debug|x64
		{5063CFBF-9CB6-46EF-AA7B-F3B78E356C96}.Debug|x64.Build.0 = Debug|x64
		{5063CFBF-9CB6-46EF-AA7B-F3B78E356C96}.Debug|x86.ActiveCfg = Debug|Win32
		{5063CFBF-9CB6-46EF-AA7B-F3B78E356C96}.Debug|x86.Build.0 = Debug|Win32
		{5063CFBF-9CB6-46EF-AA7B-F3B78E356C96}.Release|x64.ActiveCfg = Release|x64
		{5063CFBF-9CB6-46EF-AA7B-F3B78E356C96}.Release|x64.Build.0 = Release|x64
		{5063CFBF-9CB6-46EF-AA7B-F3B78E356C96}.Release|x86.ActiveCfg = Release|Win32
		{5063CFBF-9CB6-46EF-AA7B-F3B78E356C96}.Release|x86.Build.0 = Release|Win32
		{D0610E7D-2A0D-48A9-993F-FB99E2E474EA}.Debug|x64.ActiveCfg = Debug|x64
		{D0610E7D-2A0D-48A9-993F-FB99E2E474EA}.Debug|x64.Build.0 = Debug|x64
		{D0610E7D-2A0D-48A9-993F-FB99E2E474EA}.Debug|x86.ActiveCfg = Debug|Win32
		{D0610E7D-2A0D-48A9-993F-FB99E2E474EA}.Debug|x86.Build.0 = Debug|Win32
		{D0610E7D-2A0D-48A9-993F-FB99E2E474EA}.Release|x64.ActiveCfg = Release|x64
		{D0610E7D-2A0D-48A9-993F-FB99E2E474EA}.Release|x64.Build.0 = Release|x64
		{D0610E7D-2A0D-48A9-993F-FB99E2E474EA}.Release|x86.ActiveCfg = Release|Win32
		{D0610E7D-2A0D-48A9-993F-FB99E2E474EA}.Release|x86.Build.0 = Release|Win32
		{15B2D72E-1A5C-44C0-80EA-F614C1F4A926}.Debug|x64.ActiveCfg = Debug|x64
		{15B2D72E-1A5C-44C0-80EA-F614C1F4A926}.Debug|x64.Build.0 = Debug|x64
		{15B2D72E-1A5C-44C0-80EA-F614C1F4A926}.Debug|x86.ActiveCfg = Debug|Win32
		{15B2D72E-1A5C-44C0-80EA-F614C1F4A926}.Debug|x86.Build.0 = Debug|Win32
		{15B2D72E-1A5C-44C0-80EA-F614C1F4A926}.Release|x64.ActiveCfg = Release|x64
		{15B2D72E-1A5C-44C0-80EA-F614C1F4A926}.Release|x64.Build.0 = Release|x64
		{15B2D72E-1A5C-44C0-80EA-F614C1F4A926}.Release|x86.ActiveCfg = Release|Win32
		{15B2D72E-1A5C-44C0-80EA-F614C1F4A926}.Release|x86.Build.0 = Release|Win32
		{B0A4A7D7-8D18-43E5-B4CF-7227C587703B}.Debug|x64.ActiveCfg = Debug|x64
		{B0A4A7D7-8D18-43E5-B4CF-7227C587703B}.Debug|x64.Build.0 = Debug|x64
		{B0A4A7D7-8D18-43E5-B4CF-7227C587703B}.Debug|x86.ActiveCfg = Debug|Win32
		{B0A4A7D7-8D18-43E5-B4CF-7227C587703B}.Debug|x86.Build.0 = Debug|Win32
		{B0A4A7D7-8D18-43E5-B4CF-7227C587703B}.Release|x64.ActiveCfg = Release|x64
		{B0A4A7D7-8D18-43E5-B4CF-7227C587703B}.Release|x64.Build.0 = Release|x64
		{B0A4A7D7-8D18-43E5-B4CF-7227C587703B}.Release|x86.ActiveCfg = Release|Win32
		{B0A4A7D7-8D18-43E5-B4CF-7227C587703B}.Release|x86.Build.0 = Release|Win32
		{51BE83B9-AD47-4E6F-A85C-EFD2AA286545}.Debug|x64.ActiveCfg = Debug|x64
		{51BE83B9-AD47-4E6F-A85C-EFD2AA286545}.Debug|x64.Build.0 = Debug|x64
		{51BE83B9-AD47-4E6F-A85C-EFD2AA286545}.Debug|x86.ActiveCfg = Debug|Win32
		{51BE83B9-AD47-4E6F-A85C-EFD2AA286545}.Debug|x86.Build.0 = Debug|Win32
		{51BE83B9-AD47-4E6F-A85C-EFD2AA286545}.Release|x64.ActiveCfg = Release|x64
		{51BE83B9-AD47-4E6F-A85C-EFD2AA286545}.Release|x64.Build.0 = Release|x64
		{51BE83B9-AD47-4E6F-A85C-EFD2AA286545}.Release|x86.ActiveCfg = Release|Win32
		{51BE83B9-AD47-4E6F-A85C-EFD2AA286545}.Release|x86.Build.0 = Release|Win32
	EndGlobalSection
	GlobalSection(SolutionProperties) = preSolution
		HideSolutionNode = FALSE
	EndGlobalSection
	GlobalSection(ExtensibilityGlobals) = postSolution
		SolutionGuid = {A4F87BAD-BF2A-4119-8A73-8FFD44FEE195}
	EndGlobalSection
EndGlobal
